// !$*UTF8*$!
{
	archiveVersion = 1;
	classes = {
	};
	objectVersion = 55;
	objects = {

/* Begin PBXBuildFile section */
		C1ECEF7428266D2D006B300D /* AppDelegate.swift in Sources */ = {isa = PBXBuildFile; fileRef = C1ECEF7328266D2D006B300D /* AppDelegate.swift */; };
		C1ECEF7628266D2D006B300D /* SceneDelegate.swift in Sources */ = {isa = PBXBuildFile; fileRef = C1ECEF7528266D2D006B300D /* SceneDelegate.swift */; };
		C1ECEF7828266D2D006B300D /* ViewController.swift in Sources */ = {isa = PBXBuildFile; fileRef = C1ECEF7728266D2D006B300D /* ViewController.swift */; };
		C1ECEF7B28266D2D006B300D /* Main.storyboard in Resources */ = {isa = PBXBuildFile; fileRef = C1ECEF7928266D2D006B300D /* Main.storyboard */; };
		C1ECEF7D28266D2F006B300D /* Assets.xcassets in Resources */ = {isa = PBXBuildFile; fileRef = C1ECEF7C28266D2F006B300D /* Assets.xcassets */; };
		C1ECEF8028266D2F006B300D /* LaunchScreen.storyboard in Resources */ = {isa = PBXBuildFile; fileRef = C1ECEF7E28266D2F006B300D /* LaunchScreen.storyboard */; };
		C1ECEF8B28266D2F006B300D /* CartUseCaseTests.swift in Sources */ = {isa = PBXBuildFile; fileRef = C1ECEF8A28266D2F006B300D /* CartUseCaseTests.swift */; };
		C1ECEF9528266D2F006B300D /* CartUITests.swift in Sources */ = {isa = PBXBuildFile; fileRef = C1ECEF9428266D2F006B300D /* CartUITests.swift */; };
		C1ECEF9728266D2F006B300D /* CartUITestsLaunchTests.swift in Sources */ = {isa = PBXBuildFile; fileRef = C1ECEF9628266D2F006B300D /* CartUITestsLaunchTests.swift */; };
		C1ECEFA82826704D006B300D /* ProductDiscountDAO.swift in Sources */ = {isa = PBXBuildFile; fileRef = C1ECEFA72826704D006B300D /* ProductDiscountDAO.swift */; };
		C1ECEFAA282670C6006B300D /* ProductDAO.swift in Sources */ = {isa = PBXBuildFile; fileRef = C1ECEFA9282670C6006B300D /* ProductDAO.swift */; };
		C1ECEFAC282671D4006B300D /* CartDiscountDAO.swift in Sources */ = {isa = PBXBuildFile; fileRef = C1ECEFAB282671D4006B300D /* CartDiscountDAO.swift */; };
		C1ECEFAE28267225006B300D /* CartDAO.swift in Sources */ = {isa = PBXBuildFile; fileRef = C1ECEFAD28267225006B300D /* CartDAO.swift */; };
		C1ECEFB0282672B4006B300D /* CartRepository.swift in Sources */ = {isa = PBXBuildFile; fileRef = C1ECEFAF282672B4006B300D /* CartRepository.swift */; };
		C1ECEFB328267402006B300D /* URLSession+Publisher.swift in Sources */ = {isa = PBXBuildFile; fileRef = C1ECEFB228267402006B300D /* URLSession+Publisher.swift */; };
		C1ECEFB628267452006B300D /* DateFormatter+Common.swift in Sources */ = {isa = PBXBuildFile; fileRef = C1ECEFB528267452006B300D /* DateFormatter+Common.swift */; };
		C1ECEFB8282674C8006B300D /* Endpoint.swift in Sources */ = {isa = PBXBuildFile; fileRef = C1ECEFB7282674C8006B300D /* Endpoint.swift */; };
		C1ECEFBB28267596006B300D /* Endpoint+Cart.swift in Sources */ = {isa = PBXBuildFile; fileRef = C1ECEFBA28267596006B300D /* Endpoint+Cart.swift */; };
		C1ECEFC1282687EA006B300D /* Product.swift in Sources */ = {isa = PBXBuildFile; fileRef = C1ECEFC0282687EA006B300D /* Product.swift */; };
		C1ECEFC32826880F006B300D /* Cart.swift in Sources */ = {isa = PBXBuildFile; fileRef = C1ECEFC22826880F006B300D /* Cart.swift */; };
		C1ECEFC5282689B9006B300D /* CartDiscount.swift in Sources */ = {isa = PBXBuildFile; fileRef = C1ECEFC4282689B9006B300D /* CartDiscount.swift */; };
		C1ECEFC728268B37006B300D /* CartUseCase.swift in Sources */ = {isa = PBXBuildFile; fileRef = C1ECEFC628268B37006B300D /* CartUseCase.swift */; };
		C1ECEFC928269B43006B300D /* MockCardRepository.swift in Sources */ = {isa = PBXBuildFile; fileRef = C1ECEFC828269B43006B300D /* MockCardRepository.swift */; };
		C1ECEFCB28269BEF006B300D /* AnyPublisher+Helper.swift in Sources */ = {isa = PBXBuildFile; fileRef = C1ECEFCA28269BEF006B300D /* AnyPublisher+Helper.swift */; };
/* End PBXBuildFile section */

/* Begin PBXContainerItemProxy section */
		C1ECEF8728266D2F006B300D /* PBXContainerItemProxy */ = {
			isa = PBXContainerItemProxy;
			containerPortal = C1ECEF6828266D2D006B300D /* Project object */;
			proxyType = 1;
			remoteGlobalIDString = C1ECEF6F28266D2D006B300D;
			remoteInfo = Cart;
		};
		C1ECEF9128266D2F006B300D /* PBXContainerItemProxy */ = {
			isa = PBXContainerItemProxy;
			containerPortal = C1ECEF6828266D2D006B300D /* Project object */;
			proxyType = 1;
			remoteGlobalIDString = C1ECEF6F28266D2D006B300D;
			remoteInfo = Cart;
		};
/* End PBXContainerItemProxy section */

/* Begin PBXFileReference section */
		C1ECEF7028266D2D006B300D /* Cart.app */ = {isa = PBXFileReference; explicitFileType = wrapper.application; includeInIndex = 0; path = Cart.app; sourceTree = BUILT_PRODUCTS_DIR; };
		C1ECEF7328266D2D006B300D /* AppDelegate.swift */ = {isa = PBXFileReference; lastKnownFileType = sourcecode.swift; path = AppDelegate.swift; sourceTree = "<group>"; };
		C1ECEF7528266D2D006B300D /* SceneDelegate.swift */ = {isa = PBXFileReference; lastKnownFileType = sourcecode.swift; path = SceneDelegate.swift; sourceTree = "<group>"; };
		C1ECEF7728266D2D006B300D /* ViewController.swift */ = {isa = PBXFileReference; lastKnownFileType = sourcecode.swift; path = ViewController.swift; sourceTree = "<group>"; };
		C1ECEF7A28266D2D006B300D /* Base */ = {isa = PBXFileReference; lastKnownFileType = file.storyboard; name = Base; path = Base.lproj/Main.storyboard; sourceTree = "<group>"; };
		C1ECEF7C28266D2F006B300D /* Assets.xcassets */ = {isa = PBXFileReference; lastKnownFileType = folder.assetcatalog; path = Assets.xcassets; sourceTree = "<group>"; };
		C1ECEF7F28266D2F006B300D /* Base */ = {isa = PBXFileReference; lastKnownFileType = file.storyboard; name = Base; path = Base.lproj/LaunchScreen.storyboard; sourceTree = "<group>"; };
		C1ECEF8128266D2F006B300D /* Info.plist */ = {isa = PBXFileReference; lastKnownFileType = text.plist.xml; path = Info.plist; sourceTree = "<group>"; };
		C1ECEF8628266D2F006B300D /* CartTests.xctest */ = {isa = PBXFileReference; explicitFileType = wrapper.cfbundle; includeInIndex = 0; path = CartTests.xctest; sourceTree = BUILT_PRODUCTS_DIR; };
		C1ECEF8A28266D2F006B300D /* CartUseCaseTests.swift */ = {isa = PBXFileReference; lastKnownFileType = sourcecode.swift; path = CartUseCaseTests.swift; sourceTree = "<group>"; };
		C1ECEF9028266D2F006B300D /* CartUITests.xctest */ = {isa = PBXFileReference; explicitFileType = wrapper.cfbundle; includeInIndex = 0; path = CartUITests.xctest; sourceTree = BUILT_PRODUCTS_DIR; };
		C1ECEF9428266D2F006B300D /* CartUITests.swift */ = {isa = PBXFileReference; lastKnownFileType = sourcecode.swift; path = CartUITests.swift; sourceTree = "<group>"; };
		C1ECEF9628266D2F006B300D /* CartUITestsLaunchTests.swift */ = {isa = PBXFileReference; lastKnownFileType = sourcecode.swift; path = CartUITestsLaunchTests.swift; sourceTree = "<group>"; };
		C1ECEFA72826704D006B300D /* ProductDiscountDAO.swift */ = {isa = PBXFileReference; lastKnownFileType = sourcecode.swift; path = ProductDiscountDAO.swift; sourceTree = "<group>"; };
		C1ECEFA9282670C6006B300D /* ProductDAO.swift */ = {isa = PBXFileReference; lastKnownFileType = sourcecode.swift; path = ProductDAO.swift; sourceTree = "<group>"; };
		C1ECEFAB282671D4006B300D /* CartDiscountDAO.swift */ = {isa = PBXFileReference; lastKnownFileType = sourcecode.swift; path = CartDiscountDAO.swift; sourceTree = "<group>"; };
		C1ECEFAD28267225006B300D /* CartDAO.swift */ = {isa = PBXFileReference; lastKnownFileType = sourcecode.swift; path = CartDAO.swift; sourceTree = "<group>"; };
		C1ECEFAF282672B4006B300D /* CartRepository.swift */ = {isa = PBXFileReference; lastKnownFileType = sourcecode.swift; path = CartRepository.swift; sourceTree = "<group>"; };
		C1ECEFB228267402006B300D /* URLSession+Publisher.swift */ = {isa = PBXFileReference; lastKnownFileType = sourcecode.swift; path = "URLSession+Publisher.swift"; sourceTree = "<group>"; };
		C1ECEFB528267452006B300D /* DateFormatter+Common.swift */ = {isa = PBXFileReference; lastKnownFileType = sourcecode.swift; path = "DateFormatter+Common.swift"; sourceTree = "<group>"; };
		C1ECEFB7282674C8006B300D /* Endpoint.swift */ = {isa = PBXFileReference; lastKnownFileType = sourcecode.swift; path = Endpoint.swift; sourceTree = "<group>"; };
		C1ECEFBA28267596006B300D /* Endpoint+Cart.swift */ = {isa = PBXFileReference; lastKnownFileType = sourcecode.swift; path = "Endpoint+Cart.swift"; sourceTree = "<group>"; };
		C1ECEFC0282687EA006B300D /* Product.swift */ = {isa = PBXFileReference; lastKnownFileType = sourcecode.swift; path = Product.swift; sourceTree = "<group>"; };
		C1ECEFC22826880F006B300D /* Cart.swift */ = {isa = PBXFileReference; lastKnownFileType = sourcecode.swift; path = Cart.swift; sourceTree = "<group>"; };
		C1ECEFC4282689B9006B300D /* CartDiscount.swift */ = {isa = PBXFileReference; lastKnownFileType = sourcecode.swift; path = CartDiscount.swift; sourceTree = "<group>"; };
		C1ECEFC628268B37006B300D /* CartUseCase.swift */ = {isa = PBXFileReference; lastKnownFileType = sourcecode.swift; path = CartUseCase.swift; sourceTree = "<group>"; };
		C1ECEFC828269B43006B300D /* MockCardRepository.swift */ = {isa = PBXFileReference; lastKnownFileType = sourcecode.swift; path = MockCardRepository.swift; sourceTree = "<group>"; };
		C1ECEFCA28269BEF006B300D /* AnyPublisher+Helper.swift */ = {isa = PBXFileReference; lastKnownFileType = sourcecode.swift; path = "AnyPublisher+Helper.swift"; sourceTree = "<group>"; };
/* End PBXFileReference section */

/* Begin PBXFrameworksBuildPhase section */
		C1ECEF6D28266D2D006B300D /* Frameworks */ = {
			isa = PBXFrameworksBuildPhase;
			buildActionMask = 2147483647;
			files = (
			);
			runOnlyForDeploymentPostprocessing = 0;
		};
		C1ECEF8328266D2F006B300D /* Frameworks */ = {
			isa = PBXFrameworksBuildPhase;
			buildActionMask = 2147483647;
			files = (
			);
			runOnlyForDeploymentPostprocessing = 0;
		};
		C1ECEF8D28266D2F006B300D /* Frameworks */ = {
			isa = PBXFrameworksBuildPhase;
			buildActionMask = 2147483647;
			files = (
			);
			runOnlyForDeploymentPostprocessing = 0;
		};
/* End PBXFrameworksBuildPhase section */

/* Begin PBXGroup section */
		C1ECEF6728266D2D006B300D = {
			isa = PBXGroup;
			children = (
				C1ECEF7228266D2D006B300D /* Cart */,
				C1ECEF8928266D2F006B300D /* CartTests */,
				C1ECEF9328266D2F006B300D /* CartUITests */,
				C1ECEF7128266D2D006B300D /* Products */,
			);
			sourceTree = "<group>";
		};
		C1ECEF7128266D2D006B300D /* Products */ = {
			isa = PBXGroup;
			children = (
				C1ECEF7028266D2D006B300D /* Cart.app */,
				C1ECEF8628266D2F006B300D /* CartTests.xctest */,
				C1ECEF9028266D2F006B300D /* CartUITests.xctest */,
			);
			name = Products;
			sourceTree = "<group>";
		};
		C1ECEF7228266D2D006B300D /* Cart */ = {
			isa = PBXGroup;
			children = (
				C1ECEFA428266D45006B300D /* Domain */,
				C1ECEFA328266D3D006B300D /* Data */,
				C1ECEF7328266D2D006B300D /* AppDelegate.swift */,
				C1ECEF7528266D2D006B300D /* SceneDelegate.swift */,
				C1ECEF7728266D2D006B300D /* ViewController.swift */,
				C1ECEF7928266D2D006B300D /* Main.storyboard */,
				C1ECEF7C28266D2F006B300D /* Assets.xcassets */,
				C1ECEF7E28266D2F006B300D /* LaunchScreen.storyboard */,
				C1ECEF8128266D2F006B300D /* Info.plist */,
			);
			path = Cart;
			sourceTree = "<group>";
		};
		C1ECEF8928266D2F006B300D /* CartTests */ = {
			isa = PBXGroup;
			children = (
				C1ECEF8A28266D2F006B300D /* CartUseCaseTests.swift */,
				C1ECEFC828269B43006B300D /* MockCardRepository.swift */,
				C1ECEFCA28269BEF006B300D /* AnyPublisher+Helper.swift */,
			);
			path = CartTests;
			sourceTree = "<group>";
		};
		C1ECEF9328266D2F006B300D /* CartUITests */ = {
			isa = PBXGroup;
			children = (
				C1ECEF9428266D2F006B300D /* CartUITests.swift */,
				C1ECEF9628266D2F006B300D /* CartUITestsLaunchTests.swift */,
			);
			path = CartUITests;
			sourceTree = "<group>";
		};
		C1ECEFA328266D3D006B300D /* Data */ = {
			isa = PBXGroup;
			children = (
				C1ECEFB428267431006B300D /* Extensions */,
				C1ECEFB1282673ED006B300D /* Networking */,
				C1ECEFA628266D60006B300D /* Repositories */,
				C1ECEFA528266D54006B300D /* Entities */,
			);
			path = Data;
			sourceTree = "<group>";
		};
		C1ECEFA428266D45006B300D /* Domain */ = {
			isa = PBXGroup;
			children = (
				C1ECEFBD282687C9006B300D /* UseCases */,
				C1ECEFBC282687BF006B300D /* Entities */,
			);
			path = Domain;
			sourceTree = "<group>";
		};
		C1ECEFA528266D54006B300D /* Entities */ = {
			isa = PBXGroup;
			children = (
				C1ECEFA72826704D006B300D /* ProductDiscountDAO.swift */,
				C1ECEFA9282670C6006B300D /* ProductDAO.swift */,
				C1ECEFAB282671D4006B300D /* CartDiscountDAO.swift */,
				C1ECEFAD28267225006B300D /* CartDAO.swift */,
			);
			path = Entities;
			sourceTree = "<group>";
		};
		C1ECEFA628266D60006B300D /* Repositories */ = {
			isa = PBXGroup;
			children = (
				C1ECEFAF282672B4006B300D /* CartRepository.swift */,
			);
			path = Repositories;
			sourceTree = "<group>";
		};
		C1ECEFB1282673ED006B300D /* Networking */ = {
			isa = PBXGroup;
			children = (
				C1ECEFB928267581006B300D /* Endpoints */,
				C1ECEFB228267402006B300D /* URLSession+Publisher.swift */,
				C1ECEFB7282674C8006B300D /* Endpoint.swift */,
			);
			path = Networking;
			sourceTree = "<group>";
		};
		C1ECEFB428267431006B300D /* Extensions */ = {
			isa = PBXGroup;
			children = (
				C1ECEFB528267452006B300D /* DateFormatter+Common.swift */,
			);
			path = Extensions;
			sourceTree = "<group>";
		};
		C1ECEFB928267581006B300D /* Endpoints */ = {
			isa = PBXGroup;
			children = (
				C1ECEFBA28267596006B300D /* Endpoint+Cart.swift */,
			);
			path = Endpoints;
			sourceTree = "<group>";
		};
		C1ECEFBC282687BF006B300D /* Entities */ = {
			isa = PBXGroup;
			children = (
				C1ECEFC0282687EA006B300D /* Product.swift */,
				C1ECEFC22826880F006B300D /* Cart.swift */,
				C1ECEFC4282689B9006B300D /* CartDiscount.swift */,
			);
			path = Entities;
			sourceTree = "<group>";
		};
		C1ECEFBD282687C9006B300D /* UseCases */ = {
			isa = PBXGroup;
			children = (
				C1ECEFC628268B37006B300D /* CartUseCase.swift */,
			);
			path = UseCases;
			sourceTree = "<group>";
		};
/* End PBXGroup section */

/* Begin PBXNativeTarget section */
		C1ECEF6F28266D2D006B300D /* Cart */ = {
			isa = PBXNativeTarget;
			buildConfigurationList = C1ECEF9A28266D2F006B300D /* Build configuration list for PBXNativeTarget "Cart" */;
			buildPhases = (
				C1ECEF6C28266D2D006B300D /* Sources */,
				C1ECEF6D28266D2D006B300D /* Frameworks */,
				C1ECEF6E28266D2D006B300D /* Resources */,
			);
			buildRules = (
			);
			dependencies = (
			);
			name = Cart;
			productName = Cart;
			productReference = C1ECEF7028266D2D006B300D /* Cart.app */;
			productType = "com.apple.product-type.application";
		};
		C1ECEF8528266D2F006B300D /* CartTests */ = {
			isa = PBXNativeTarget;
			buildConfigurationList = C1ECEF9D28266D2F006B300D /* Build configuration list for PBXNativeTarget "CartTests" */;
			buildPhases = (
				C1ECEF8228266D2F006B300D /* Sources */,
				C1ECEF8328266D2F006B300D /* Frameworks */,
				C1ECEF8428266D2F006B300D /* Resources */,
			);
			buildRules = (
			);
			dependencies = (
				C1ECEF8828266D2F006B300D /* PBXTargetDependency */,
			);
			name = CartTests;
			productName = CartTests;
			productReference = C1ECEF8628266D2F006B300D /* CartTests.xctest */;
			productType = "com.apple.product-type.bundle.unit-test";
		};
		C1ECEF8F28266D2F006B300D /* CartUITests */ = {
			isa = PBXNativeTarget;
			buildConfigurationList = C1ECEFA028266D2F006B300D /* Build configuration list for PBXNativeTarget "CartUITests" */;
			buildPhases = (
				C1ECEF8C28266D2F006B300D /* Sources */,
				C1ECEF8D28266D2F006B300D /* Frameworks */,
				C1ECEF8E28266D2F006B300D /* Resources */,
			);
			buildRules = (
			);
			dependencies = (
				C1ECEF9228266D2F006B300D /* PBXTargetDependency */,
			);
			name = CartUITests;
			productName = CartUITests;
			productReference = C1ECEF9028266D2F006B300D /* CartUITests.xctest */;
			productType = "com.apple.product-type.bundle.ui-testing";
		};
/* End PBXNativeTarget section */

/* Begin PBXProject section */
		C1ECEF6828266D2D006B300D /* Project object */ = {
			isa = PBXProject;
			attributes = {
				BuildIndependentTargetsInParallel = 1;
				LastSwiftUpdateCheck = 1330;
				LastUpgradeCheck = 1330;
				TargetAttributes = {
					C1ECEF6F28266D2D006B300D = {
						CreatedOnToolsVersion = 13.3;
					};
					C1ECEF8528266D2F006B300D = {
						CreatedOnToolsVersion = 13.3;
						TestTargetID = C1ECEF6F28266D2D006B300D;
					};
					C1ECEF8F28266D2F006B300D = {
						CreatedOnToolsVersion = 13.3;
						TestTargetID = C1ECEF6F28266D2D006B300D;
					};
				};
			};
			buildConfigurationList = C1ECEF6B28266D2D006B300D /* Build configuration list for PBXProject "Cart" */;
			compatibilityVersion = "Xcode 13.0";
			developmentRegion = en;
			hasScannedForEncodings = 0;
			knownRegions = (
				en,
				Base,
			);
			mainGroup = C1ECEF6728266D2D006B300D;
			productRefGroup = C1ECEF7128266D2D006B300D /* Products */;
			projectDirPath = "";
			projectRoot = "";
			targets = (
				C1ECEF6F28266D2D006B300D /* Cart */,
				C1ECEF8528266D2F006B300D /* CartTests */,
				C1ECEF8F28266D2F006B300D /* CartUITests */,
			);
		};
/* End PBXProject section */

/* Begin PBXResourcesBuildPhase section */
		C1ECEF6E28266D2D006B300D /* Resources */ = {
			isa = PBXResourcesBuildPhase;
			buildActionMask = 2147483647;
			files = (
				C1ECEF8028266D2F006B300D /* LaunchScreen.storyboard in Resources */,
				C1ECEF7D28266D2F006B300D /* Assets.xcassets in Resources */,
				C1ECEF7B28266D2D006B300D /* Main.storyboard in Resources */,
			);
			runOnlyForDeploymentPostprocessing = 0;
		};
		C1ECEF8428266D2F006B300D /* Resources */ = {
			isa = PBXResourcesBuildPhase;
			buildActionMask = 2147483647;
			files = (
			);
			runOnlyForDeploymentPostprocessing = 0;
		};
		C1ECEF8E28266D2F006B300D /* Resources */ = {
			isa = PBXResourcesBuildPhase;
			buildActionMask = 2147483647;
			files = (
			);
			runOnlyForDeploymentPostprocessing = 0;
		};
/* End PBXResourcesBuildPhase section */

/* Begin PBXSourcesBuildPhase section */
		C1ECEF6C28266D2D006B300D /* Sources */ = {
			isa = PBXSourcesBuildPhase;
			buildActionMask = 2147483647;
			files = (
				C1ECEFBB28267596006B300D /* Endpoint+Cart.swift in Sources */,
				C1ECEFB328267402006B300D /* URLSession+Publisher.swift in Sources */,
				C1ECEF7828266D2D006B300D /* ViewController.swift in Sources */,
				C1ECEFC32826880F006B300D /* Cart.swift in Sources */,
				C1ECEFB0282672B4006B300D /* CartRepository.swift in Sources */,
				C1ECEFAC282671D4006B300D /* CartDiscountDAO.swift in Sources */,
				C1ECEFAA282670C6006B300D /* ProductDAO.swift in Sources */,
				C1ECEFC5282689B9006B300D /* CartDiscount.swift in Sources */,
				C1ECEFA82826704D006B300D /* ProductDiscountDAO.swift in Sources */,
				C1ECEFAE28267225006B300D /* CartDAO.swift in Sources */,
				C1ECEFB628267452006B300D /* DateFormatter+Common.swift in Sources */,
				C1ECEF7428266D2D006B300D /* AppDelegate.swift in Sources */,
				C1ECEFB8282674C8006B300D /* Endpoint.swift in Sources */,
				C1ECEF7628266D2D006B300D /* SceneDelegate.swift in Sources */,
				C1ECEFC1282687EA006B300D /* Product.swift in Sources */,
				C1ECEFC728268B37006B300D /* CartUseCase.swift in Sources */,
			);
			runOnlyForDeploymentPostprocessing = 0;
		};
		C1ECEF8228266D2F006B300D /* Sources */ = {
			isa = PBXSourcesBuildPhase;
			buildActionMask = 2147483647;
			files = (
				C1ECEFCB28269BEF006B300D /* AnyPublisher+Helper.swift in Sources */,
				C1ECEF8B28266D2F006B300D /* CartUseCaseTests.swift in Sources */,
				C1ECEFC928269B43006B300D /* MockCardRepository.swift in Sources */,
			);
			runOnlyForDeploymentPostprocessing = 0;
		};
		C1ECEF8C28266D2F006B300D /* Sources */ = {
			isa = PBXSourcesBuildPhase;
			buildActionMask = 2147483647;
			files = (
				C1ECEF9728266D2F006B300D /* CartUITestsLaunchTests.swift in Sources */,
				C1ECEF9528266D2F006B300D /* CartUITests.swift in Sources */,
			);
			runOnlyForDeploymentPostprocessing = 0;
		};
/* End PBXSourcesBuildPhase section */

/* Begin PBXTargetDependency section */
		C1ECEF8828266D2F006B300D /* PBXTargetDependency */ = {
			isa = PBXTargetDependency;
			target = C1ECEF6F28266D2D006B300D /* Cart */;
			targetProxy = C1ECEF8728266D2F006B300D /* PBXContainerItemProxy */;
		};
		C1ECEF9228266D2F006B300D /* PBXTargetDependency */ = {
			isa = PBXTargetDependency;
			target = C1ECEF6F28266D2D006B300D /* Cart */;
			targetProxy = C1ECEF9128266D2F006B300D /* PBXContainerItemProxy */;
		};
/* End PBXTargetDependency section */

/* Begin PBXVariantGroup section */
		C1ECEF7928266D2D006B300D /* Main.storyboard */ = {
			isa = PBXVariantGroup;
			children = (
				C1ECEF7A28266D2D006B300D /* Base */,
			);
			name = Main.storyboard;
			sourceTree = "<group>";
		};
		C1ECEF7E28266D2F006B300D /* LaunchScreen.storyboard */ = {
			isa = PBXVariantGroup;
			children = (
				C1ECEF7F28266D2F006B300D /* Base */,
			);
			name = LaunchScreen.storyboard;
			sourceTree = "<group>";
		};
/* End PBXVariantGroup section */

/* Begin XCBuildConfiguration section */
		C1ECEF9828266D2F006B300D /* Debug */ = {
			isa = XCBuildConfiguration;
			buildSettings = {
				ALWAYS_SEARCH_USER_PATHS = NO;
				CLANG_ANALYZER_NONNULL = YES;
				CLANG_ANALYZER_NUMBER_OBJECT_CONVERSION = YES_AGGRESSIVE;
				CLANG_CXX_LANGUAGE_STANDARD = "gnu++17";
				CLANG_ENABLE_MODULES = YES;
				CLANG_ENABLE_OBJC_ARC = YES;
				CLANG_ENABLE_OBJC_WEAK = YES;
				CLANG_WARN_BLOCK_CAPTURE_AUTORELEASING = YES;
				CLANG_WARN_BOOL_CONVERSION = YES;
				CLANG_WARN_COMMA = YES;
				CLANG_WARN_CONSTANT_CONVERSION = YES;
				CLANG_WARN_DEPRECATED_OBJC_IMPLEMENTATIONS = YES;
				CLANG_WARN_DIRECT_OBJC_ISA_USAGE = YES_ERROR;
				CLANG_WARN_DOCUMENTATION_COMMENTS = YES;
				CLANG_WARN_EMPTY_BODY = YES;
				CLANG_WARN_ENUM_CONVERSION = YES;
				CLANG_WARN_INFINITE_RECURSION = YES;
				CLANG_WARN_INT_CONVERSION = YES;
				CLANG_WARN_NON_LITERAL_NULL_CONVERSION = YES;
				CLANG_WARN_OBJC_IMPLICIT_RETAIN_SELF = YES;
				CLANG_WARN_OBJC_LITERAL_CONVERSION = YES;
				CLANG_WARN_OBJC_ROOT_CLASS = YES_ERROR;
				CLANG_WARN_QUOTED_INCLUDE_IN_FRAMEWORK_HEADER = YES;
				CLANG_WARN_RANGE_LOOP_ANALYSIS = YES;
				CLANG_WARN_STRICT_PROTOTYPES = YES;
				CLANG_WARN_SUSPICIOUS_MOVE = YES;
				CLANG_WARN_UNGUARDED_AVAILABILITY = YES_AGGRESSIVE;
				CLANG_WARN_UNREACHABLE_CODE = YES;
				CLANG_WARN__DUPLICATE_METHOD_MATCH = YES;
				COPY_PHASE_STRIP = NO;
				DEBUG_INFORMATION_FORMAT = dwarf;
				ENABLE_STRICT_OBJC_MSGSEND = YES;
				ENABLE_TESTABILITY = YES;
				GCC_C_LANGUAGE_STANDARD = gnu11;
				GCC_DYNAMIC_NO_PIC = NO;
				GCC_NO_COMMON_BLOCKS = YES;
				GCC_OPTIMIZATION_LEVEL = 0;
				GCC_PREPROCESSOR_DEFINITIONS = (
					"DEBUG=1",
					"$(inherited)",
				);
				GCC_WARN_64_TO_32_BIT_CONVERSION = YES;
				GCC_WARN_ABOUT_RETURN_TYPE = YES_ERROR;
				GCC_WARN_UNDECLARED_SELECTOR = YES;
				GCC_WARN_UNINITIALIZED_AUTOS = YES_AGGRESSIVE;
				GCC_WARN_UNUSED_FUNCTION = YES;
				GCC_WARN_UNUSED_VARIABLE = YES;
				IPHONEOS_DEPLOYMENT_TARGET = 15.4;
				MTL_ENABLE_DEBUG_INFO = INCLUDE_SOURCE;
				MTL_FAST_MATH = YES;
				ONLY_ACTIVE_ARCH = YES;
				SDKROOT = iphoneos;
				SWIFT_ACTIVE_COMPILATION_CONDITIONS = DEBUG;
				SWIFT_OPTIMIZATION_LEVEL = "-Onone";
			};
			name = Debug;
		};
		C1ECEF9928266D2F006B300D /* Release */ = {
			isa = XCBuildConfiguration;
			buildSettings = {
				ALWAYS_SEARCH_USER_PATHS = NO;
				CLANG_ANALYZER_NONNULL = YES;
				CLANG_ANALYZER_NUMBER_OBJECT_CONVERSION = YES_AGGRESSIVE;
				CLANG_CXX_LANGUAGE_STANDARD = "gnu++17";
				CLANG_ENABLE_MODULES = YES;
				CLANG_ENABLE_OBJC_ARC = YES;
				CLANG_ENABLE_OBJC_WEAK = YES;
				CLANG_WARN_BLOCK_CAPTURE_AUTORELEASING = YES;
				CLANG_WARN_BOOL_CONVERSION = YES;
				CLANG_WARN_COMMA = YES;
				CLANG_WARN_CONSTANT_CONVERSION = YES;
				CLANG_WARN_DEPRECATED_OBJC_IMPLEMENTATIONS = YES;
				CLANG_WARN_DIRECT_OBJC_ISA_USAGE = YES_ERROR;
				CLANG_WARN_DOCUMENTATION_COMMENTS = YES;
				CLANG_WARN_EMPTY_BODY = YES;
				CLANG_WARN_ENUM_CONVERSION = YES;
				CLANG_WARN_INFINITE_RECURSION = YES;
				CLANG_WARN_INT_CONVERSION = YES;
				CLANG_WARN_NON_LITERAL_NULL_CONVERSION = YES;
				CLANG_WARN_OBJC_IMPLICIT_RETAIN_SELF = YES;
				CLANG_WARN_OBJC_LITERAL_CONVERSION = YES;
				CLANG_WARN_OBJC_ROOT_CLASS = YES_ERROR;
				CLANG_WARN_QUOTED_INCLUDE_IN_FRAMEWORK_HEADER = YES;
				CLANG_WARN_RANGE_LOOP_ANALYSIS = YES;
				CLANG_WARN_STRICT_PROTOTYPES = YES;
				CLANG_WARN_SUSPICIOUS_MOVE = YES;
				CLANG_WARN_UNGUARDED_AVAILABILITY = YES_AGGRESSIVE;
				CLANG_WARN_UNREACHABLE_CODE = YES;
				CLANG_WARN__DUPLICATE_METHOD_MATCH = YES;
				COPY_PHASE_STRIP = NO;
				DEBUG_INFORMATION_FORMAT = "dwarf-with-dsym";
				ENABLE_NS_ASSERTIONS = NO;
				ENABLE_STRICT_OBJC_MSGSEND = YES;
				GCC_C_LANGUAGE_STANDARD = gnu11;
				GCC_NO_COMMON_BLOCKS = YES;
				GCC_WARN_64_TO_32_BIT_CONVERSION = YES;
				GCC_WARN_ABOUT_RETURN_TYPE = YES_ERROR;
				GCC_WARN_UNDECLARED_SELECTOR = YES;
				GCC_WARN_UNINITIALIZED_AUTOS = YES_AGGRESSIVE;
				GCC_WARN_UNUSED_FUNCTION = YES;
				GCC_WARN_UNUSED_VARIABLE = YES;
				IPHONEOS_DEPLOYMENT_TARGET = 15.4;
				MTL_ENABLE_DEBUG_INFO = NO;
				MTL_FAST_MATH = YES;
				SDKROOT = iphoneos;
				SWIFT_COMPILATION_MODE = wholemodule;
				SWIFT_OPTIMIZATION_LEVEL = "-O";
				VALIDATE_PRODUCT = YES;
			};
			name = Release;
		};
		C1ECEF9B28266D2F006B300D /* Debug */ = {
			isa = XCBuildConfiguration;
			buildSettings = {
				ASSETCATALOG_COMPILER_APPICON_NAME = AppIcon;
				ASSETCATALOG_COMPILER_GLOBAL_ACCENT_COLOR_NAME = AccentColor;
				CODE_SIGN_STYLE = Automatic;
				CURRENT_PROJECT_VERSION = 1;
				DEVELOPMENT_TEAM = 88P9HXYC2A;
				GENERATE_INFOPLIST_FILE = YES;
				INFOPLIST_FILE = Cart/Info.plist;
				INFOPLIST_KEY_UIApplicationSupportsIndirectInputEvents = YES;
				INFOPLIST_KEY_UILaunchStoryboardName = LaunchScreen;
				INFOPLIST_KEY_UIMainStoryboardFile = Main;
				INFOPLIST_KEY_UISupportedInterfaceOrientations_iPad = "UIInterfaceOrientationPortrait UIInterfaceOrientationPortraitUpsideDown UIInterfaceOrientationLandscapeLeft UIInterfaceOrientationLandscapeRight";
				INFOPLIST_KEY_UISupportedInterfaceOrientations_iPhone = "UIInterfaceOrientationPortrait UIInterfaceOrientationLandscapeLeft UIInterfaceOrientationLandscapeRight";
				LD_RUNPATH_SEARCH_PATHS = (
					"$(inherited)",
					"@executable_path/Frameworks",
				);
				MARKETING_VERSION = 1.0;
				PRODUCT_BUNDLE_IDENTIFIER = com.home.Cart;
				PRODUCT_NAME = "$(TARGET_NAME)";
				SWIFT_EMIT_LOC_STRINGS = YES;
				SWIFT_VERSION = 5.0;
				TARGETED_DEVICE_FAMILY = "1,2";
			};
			name = Debug;
		};
		C1ECEF9C28266D2F006B300D /* Release */ = {
			isa = XCBuildConfiguration;
			buildSettings = {
				ASSETCATALOG_COMPILER_APPICON_NAME = AppIcon;
				ASSETCATALOG_COMPILER_GLOBAL_ACCENT_COLOR_NAME = AccentColor;
				CODE_SIGN_STYLE = Automatic;
				CURRENT_PROJECT_VERSION = 1;
				DEVELOPMENT_TEAM = 88P9HXYC2A;
				GENERATE_INFOPLIST_FILE = YES;
				INFOPLIST_FILE = Cart/Info.plist;
				INFOPLIST_KEY_UIApplicationSupportsIndirectInputEvents = YES;
				INFOPLIST_KEY_UILaunchStoryboardName = LaunchScreen;
				INFOPLIST_KEY_UIMainStoryboardFile = Main;
				INFOPLIST_KEY_UISupportedInterfaceOrientations_iPad = "UIInterfaceOrientationPortrait UIInterfaceOrientationPortraitUpsideDown UIInterfaceOrientationLandscapeLeft UIInterfaceOrientationLandscapeRight";
				INFOPLIST_KEY_UISupportedInterfaceOrientations_iPhone = "UIInterfaceOrientationPortrait UIInterfaceOrientationLandscapeLeft UIInterfaceOrientationLandscapeRight";
				LD_RUNPATH_SEARCH_PATHS = (
					"$(inherited)",
					"@executable_path/Frameworks",
				);
				MARKETING_VERSION = 1.0;
				PRODUCT_BUNDLE_IDENTIFIER = com.home.Cart;
				PRODUCT_NAME = "$(TARGET_NAME)";
				SWIFT_EMIT_LOC_STRINGS = YES;
				SWIFT_VERSION = 5.0;
				TARGETED_DEVICE_FAMILY = "1,2";
			};
			name = Release;
		};
		C1ECEF9E28266D2F006B300D /* Debug */ = {
			isa = XCBuildConfiguration;
			buildSettings = {
				ALWAYS_EMBED_SWIFT_STANDARD_LIBRARIES = YES;
				BUNDLE_LOADER = "$(TEST_HOST)";
				CODE_SIGN_STYLE = Automatic;
				CURRENT_PROJECT_VERSION = 1;
				DEVELOPMENT_TEAM = 88P9HXYC2A;
				GENERATE_INFOPLIST_FILE = YES;
				IPHONEOS_DEPLOYMENT_TARGET = 15.4;
				MARKETING_VERSION = 1.0;
				PRODUCT_BUNDLE_IDENTIFIER = com.home.CartTests;
				PRODUCT_NAME = "$(TARGET_NAME)";
				SWIFT_EMIT_LOC_STRINGS = NO;
				SWIFT_VERSION = 5.0;
				TARGETED_DEVICE_FAMILY = "1,2";
				TEST_HOST = "$(BUILT_PRODUCTS_DIR)/Cart.app/Cart";
			};
			name = Debug;
		};
		C1ECEF9F28266D2F006B300D /* Release */ = {
			isa = XCBuildConfiguration;
			buildSettings = {
				ALWAYS_EMBED_SWIFT_STANDARD_LIBRARIES = YES;
				BUNDLE_LOADER = "$(TEST_HOST)";
				CODE_SIGN_STYLE = Automatic;
				CURRENT_PROJECT_VERSION = 1;
				DEVELOPMENT_TEAM = 88P9HXYC2A;
				GENERATE_INFOPLIST_FILE = YES;
				IPHONEOS_DEPLOYMENT_TARGET = 15.4;
				MARKETING_VERSION = 1.0;
				PRODUCT_BUNDLE_IDENTIFIER = com.home.CartTests;
				PRODUCT_NAME = "$(TARGET_NAME)";
				SWIFT_EMIT_LOC_STRINGS = NO;
				SWIFT_VERSION = 5.0;
				TARGETED_DEVICE_FAMILY = "1,2";
				TEST_HOST = "$(BUILT_PRODUCTS_DIR)/Cart.app/Cart";
			};
			name = Release;
		};
		C1ECEFA128266D2F006B300D /* Debug */ = {
			isa = XCBuildConfiguration;
			buildSettings = {
				ALWAYS_EMBED_SWIFT_STANDARD_LIBRARIES = YES;
				CODE_SIGN_STYLE = Automatic;
				CURRENT_PROJECT_VERSION = 1;
				DEVELOPMENT_TEAM = 88P9HXYC2A;
				GENERATE_INFOPLIST_FILE = YES;
				MARKETING_VERSION = 1.0;
				PRODUCT_BUNDLE_IDENTIFIER = com.home.CartUITests;
				PRODUCT_NAME = "$(TARGET_NAME)";
				SWIFT_EMIT_LOC_STRINGS = NO;
				SWIFT_VERSION = 5.0;
				TARGETED_DEVICE_FAMILY = "1,2";
				TEST_TARGET_NAME = Cart;
			};
			name = Debug;
		};
		C1ECEFA228266D2F006B300D /* Release */ = {
			isa = XCBuildConfiguration;
			buildSettings = {
				ALWAYS_EMBED_SWIFT_STANDARD_LIBRARIES = YES;
				CODE_SIGN_STYLE = Automatic;
				CURRENT_PROJECT_VERSION = 1;
				DEVELOPMENT_TEAM = 88P9HXYC2A;
				GENERATE_INFOPLIST_FILE = YES;
				MARKETING_VERSION = 1.0;
				PRODUCT_BUNDLE_IDENTIFIER = com.home.CartUITests;
				PRODUCT_NAME = "$(TARGET_NAME)";
				SWIFT_EMIT_LOC_STRINGS = NO;
				SWIFT_VERSION = 5.0;
				TARGETED_DEVICE_FAMILY = "1,2";
				TEST_TARGET_NAME = Cart;
			};
			name = Release;
		};
/* End XCBuildConfiguration section */

/* Begin XCConfigurationList section */
		C1ECEF6B28266D2D006B300D /* Build configuration list for PBXProject "Cart" */ = {
			isa = XCConfigurationList;
			buildConfigurations = (
				C1ECEF9828266D2F006B300D /* Debug */,
				C1ECEF9928266D2F006B300D /* Release */,
			);
			defaultConfigurationIsVisible = 0;
			defaultConfigurationName = Release;
		};
		C1ECEF9A28266D2F006B300D /* Build configuration list for PBXNativeTarget "Cart" */ = {
			isa = XCConfigurationList;
			buildConfigurations = (
				C1ECEF9B28266D2F006B300D /* Debug */,
				C1ECEF9C28266D2F006B300D /* Release */,
			);
			defaultConfigurationIsVisible = 0;
			defaultConfigurationName = Release;
		};
		C1ECEF9D28266D2F006B300D /* Build configuration list for PBXNativeTarget "CartTests" */ = {
			isa = XCConfigurationList;
			buildConfigurations = (
				C1ECEF9E28266D2F006B300D /* Debug */,
				C1ECEF9F28266D2F006B300D /* Release */,
			);
			defaultConfigurationIsVisible = 0;
			defaultConfigurationName = Release;
		};
		C1ECEFA028266D2F006B300D /* Build configuration list for PBXNativeTarget "CartUITests" */ = {
			isa = XCConfigurationList;
			buildConfigurations = (
				C1ECEFA128266D2F006B300D /* Debug */,
				C1ECEFA228266D2F006B300D /* Release */,
			);
			defaultConfigurationIsVisible = 0;
			defaultConfigurationName = Release;
		};
/* End XCConfigurationList section */
	};
	rootObject = C1ECEF6828266D2D006B300D /* Project object */;
}
